
Microsoft Visual Studio Solution File, Format Version 12.00
# Visual Studio Version 17
VisualStudioVersion = 17.1.32328.378
MinimumVisualStudioVersion = 10.0.40219.1
Project("{FAE04EC0-301F-11D3-BF4B-00C04F79EFBC}") = "FlyoutFlightRecorder", "FlyoutFlightRecorder\FlyoutFlightRecorder.csproj", "{AD2BC39E-5BDF-4E77-810E-61A37F2E1569}"
EndProject
Global
	GlobalSection(SolutionConfigurationPlatforms) = preSolution
		Debug|Any CPU = Debug|Any CPU
		Release|Any CPU = Release|Any CPU
	EndGlobalSection
	GlobalSection(ProjectConfigurationPlatforms) = postSolution
		{AD2BC39E-5BDF-4E77-810E-61A37F2E1569}.Debug|Any CPU.ActiveCfg = Debug|Any CPU
		{AD2BC39E-5BDF-4E77-810E-61A37F2E1569}.Debug|Any CPU.Build.0 = Debug|Any CPU
		{AD2BC39E-5BDF-4E77-810E-61A37F2E1569}.Release|Any CPU.ActiveCfg = Release|Any CPU
		{AD2BC39E-5BDF-4E77-810E-61A37F2E1569}.Release|Any CPU.Build.0 = Release|Any CPU
	EndGlobalSection
	GlobalSection(SolutionProperties) = preSolution
		HideSolutionNode = FALSE
	EndGlobalSection
	GlobalSection(ExtensibilityGlobals) = postSolution
		SolutionGuid = {0C69FDF0-8FA4-4CF8-AFE7-945E671FEF64}
	EndGlobalSection
EndGlobal
